
Microsoft Visual Studio Solution File, Format Version 12.00
# Visual Studio 2013
VisualStudioVersion = 12.0.40629.0
MinimumVisualStudioVersion = 10.0.40219.1
Project("{FAE04EC0-301F-11D3-BF4B-00C04F79EFBC}") = "RSMQ", "RSMQ\RSMQ.csproj", "{D9D43E20-4F9E-45B3-9BE8-0E5C50E73815}"
EndProject
Project("{FAE04EC0-301F-11D3-BF4B-00C04F79EFBC}") = "RSMQTests", "RSMQTests\RSMQTests.csproj", "{B7CD3265-AC59-437F-AD9F-EEA3CDFC4ED4}"
EndProject
Global
	GlobalSection(SolutionConfigurationPlatforms) = preSolution
		Debug|Any CPU = Debug|Any CPU
		Release|Any CPU = Release|Any CPU
	EndGlobalSection
	GlobalSection(ProjectConfigurationPlatforms) = postSolution
		{D9D43E20-4F9E-45B3-9BE8-0E5C50E73815}.Debug|Any CPU.ActiveCfg = Debug|Any CPU
		{D9D43E20-4F9E-45B3-9BE8-0E5C50E73815}.Debug|Any CPU.Build.0 = Debug|Any CPU
		{D9D43E20-4F9E-45B3-9BE8-0E5C50E73815}.Release|Any CPU.ActiveCfg = Release|Any CPU
		{D9D43E20-4F9E-45B3-9BE8-0E5C50E73815}.Release|Any CPU.Build.0 = Release|Any CPU
		{B7CD3265-AC59-437F-AD9F-EEA3CDFC4ED4}.Debug|Any CPU.ActiveCfg = Debug|Any CPU
		{B7CD3265-AC59-437F-AD9F-EEA3CDFC4ED4}.Debug|Any CPU.Build.0 = Debug|Any CPU
		{B7CD3265-AC59-437F-AD9F-EEA3CDFC4ED4}.Release|Any CPU.ActiveCfg = Release|Any CPU
		{B7CD3265-AC59-437F-AD9F-EEA3CDFC4ED4}.Release|Any CPU.Build.0 = Release|Any CPU
	EndGlobalSection
	GlobalSection(SolutionProperties) = preSolution
		HideSolutionNode = FALSE
	EndGlobalSection
EndGlobal
